{
  "lockfileVersion": 1,
  "configVersion": 0,
  "workspaces": {
    "": {
      "name": "wolfpack",
      "dependencies": {
        "ghostty-web": "^0.4.0",
        "qrcode-terminal": "^0.12.0",
        "ws": "^8.19.0",
      },
      "devDependencies": {
        "@playwright/test": "^1.58.2",
        "playwright": "^1.58.2",
      },
      "optionalDependencies": {
        "wolfpack-bridge-darwin-arm64": "1.5.6",
        "wolfpack-bridge-darwin-x64": "1.5.6",
        "wolfpack-bridge-linux-arm64": "1.5.6",
        "wolfpack-bridge-linux-x64": "1.5.6",
      },
    },
  },
  "packages": {
    "@playwright/test": ["@playwright/test@1.58.2", "", { "dependencies": { "playwright": "1.58.2" }, "bin": { "playwright": "cli.js" } }, "sha512-akea+6bHYBBfA9uQqSYmlJXn61cTa+jbO87xVLCWbTqbWadRVmhxlXATaOjOgcBaWU4ePo0wB41KMFv3o35IXA=="],

    "fsevents": ["fsevents@2.3.2", "", { "os": "darwin" }, "sha512-xiqMQR4xAeHTuB9uWm+fFRcIOgKBMiOBP+eXiyT7jsgVCq1bkVygt00oASowB7EdtpOHaaPgKt812P9ab+DDKA=="],

    "ghostty-web": ["ghostty-web@0.4.0", "", {}, "sha512-0puDBik2qapbD/QQBW9o5ZHfXnZBqZWx/ctBiVtKZ6ZLds4NYb+wZuw1cRLXZk9zYovIQ908z3rvFhexAvc5Hg=="],

    "playwright": ["playwright@1.58.2", "", { "dependencies": { "playwright-core": "1.58.2" }, "optionalDependencies": { "fsevents": "2.3.2" }, "bin": { "playwright": "cli.js" } }, "sha512-vA30H8Nvkq/cPBnNw4Q8TWz1EJyqgpuinBcHET0YVJVFldr8JDNiU9LaWAE1KqSkRYazuaBhTpB5ZzShOezQ6A=="],

    "playwright-core": ["playwright-core@1.58.2", "", { "bin": { "playwright-core": "cli.js" } }, "sha512-yZkEtftgwS8CsfYo7nm0KE8jsvm6i/PTgVtB8DL726wNf6H2IMsDuxCpJj59KDaxCtSnrWan2AeDqM7JBaultg=="],

    "qrcode-terminal": ["qrcode-terminal@0.12.0", "", { "bin": "bin/qrcode-terminal.js" }, "sha512-EXtzRZmC+YGmGlDFbXKxQiMZNwCLEO6BANKXG4iCtSIM0yqc/pappSx3RIKr4r0uh5JsBckOXeKrB3Iz7mdQpQ=="],

    "wolfpack-bridge-darwin-arm64": ["wolfpack-bridge-darwin-arm64@1.5.6", "", { "os": "darwin", "cpu": "arm64" }, "sha512-Db6Qo7InUQpFtTCzg6nGD3PaLedun1Y4AoftVXdZ9Xr22lEZtj9KkWPRSCWXjeOvzS3Faag5rOUs7k4ProdiWQ=="],

    "wolfpack-bridge-darwin-x64": ["wolfpack-bridge-darwin-x64@1.5.6", "", { "os": "darwin", "cpu": "x64" }, "sha512-/QuhIPpaCpEewnTTEx4s3WmjmNBPr3Z1mvgAGzcb16WLRgjdoKBofl6MimSr76D8rQ2IzR6tWx3xQixJ69A+aw=="],

    "wolfpack-bridge-linux-arm64": ["wolfpack-bridge-linux-arm64@1.5.6", "", { "os": "linux", "cpu": "arm64" }, "sha512-zPMPKWX/K+nPdij5/obJ/PodsB86Go+JtrowXSlPskx24IHeQdDhh92MXOBAeX4enfSxj+seGLczQcwxJPILJw=="],

    "wolfpack-bridge-linux-x64": ["wolfpack-bridge-linux-x64@1.5.6", "", { "os": "linux", "cpu": "x64" }, "sha512-8/1OercQiEp2WBYkwRloTY0JVi52U26w6Wer+XoTXS+edub6lJ5/Ur0w/tkq6o78hSfPX4J9+vcrOQtfwSn2LQ=="],

    "ws": ["ws@8.19.0", "", { "peerDependencies": { "bufferutil": "^4.0.1", "utf-8-validate": ">=5.0.2" }, "optionalPeers": ["bufferutil", "utf-8-validate"] }, "sha512-blAT2mjOEIi0ZzruJfIhb3nps74PRWTCz1IjglWEEpQl5XS/UNama6u2/rjFkDDouqr4L67ry+1aGIALViWjDg=="],
  }
}
